// !$*UTF8*$!
{
	archiveVersion = 1;
	classes = {
	};
	objectVersion = 55;
	objects = {

/* Begin PBXBuildFile section */
		100E4DEB2E1FC59AC58DAB8A /* Pods_GAPOChallengeTests.framework in Frameworks */ = {isa = PBXBuildFile; fileRef = 891F569B6A25BE0D141DC418 /* Pods_GAPOChallengeTests.framework */; };
		2B5B3B744A5FF39209F48DF6 /* Pods_GAPOChallenge_GAPOChallengeUITests.framework in Frameworks */ = {isa = PBXBuildFile; fileRef = F7C0EBC84B86496886CBED38 /* Pods_GAPOChallenge_GAPOChallengeUITests.framework */; };
		2D77F45BFD7C3740960218CA /* Pods_GAPOChallenge.framework in Frameworks */ = {isa = PBXBuildFile; fileRef = DADD91DD08EC0A788464C8F0 /* Pods_GAPOChallenge.framework */; };
		FA0B497B2835EC7000623018 /* AppCoordinator.swift in Sources */ = {isa = PBXBuildFile; fileRef = FA0B497A2835EC7000623018 /* AppCoordinator.swift */; };
		FA0B497F2836FEF500623018 /* mock.json in Resources */ = {isa = PBXBuildFile; fileRef = FA0B497E2836FEF500623018 /* mock.json */; };
		FA54A1662835E86700043D3D /* AppDelegate.swift in Sources */ = {isa = PBXBuildFile; fileRef = FA54A1652835E86700043D3D /* AppDelegate.swift */; };
		FA54A1682835E86700043D3D /* SceneDelegate.swift in Sources */ = {isa = PBXBuildFile; fileRef = FA54A1672835E86700043D3D /* SceneDelegate.swift */; };
		FA54A16A2835E86700043D3D /* NotificationListViewController.swift in Sources */ = {isa = PBXBuildFile; fileRef = FA54A1692835E86700043D3D /* NotificationListViewController.swift */; };
		FA54A16F2835E86900043D3D /* Assets.xcassets in Resources */ = {isa = PBXBuildFile; fileRef = FA54A16E2835E86900043D3D /* Assets.xcassets */; };
		FA54A1722835E86900043D3D /* LaunchScreen.storyboard in Resources */ = {isa = PBXBuildFile; fileRef = FA54A1702835E86900043D3D /* LaunchScreen.storyboard */; };
		FA54A17D2835E86A00043D3D /* GAPOChallengeTests.swift in Sources */ = {isa = PBXBuildFile; fileRef = FA54A17C2835E86A00043D3D /* GAPOChallengeTests.swift */; };
		FA54A1872835E86A00043D3D /* GAPOChallengeUITests.swift in Sources */ = {isa = PBXBuildFile; fileRef = FA54A1862835E86A00043D3D /* GAPOChallengeUITests.swift */; };
		FA54A1892835E86A00043D3D /* GAPOChallengeUITestsLaunchTests.swift in Sources */ = {isa = PBXBuildFile; fileRef = FA54A1882835E86A00043D3D /* GAPOChallengeUITestsLaunchTests.swift */; };
/* End PBXBuildFile section */

/* Begin PBXContainerItemProxy section */
		FA54A1792835E86A00043D3D /* PBXContainerItemProxy */ = {
			isa = PBXContainerItemProxy;
			containerPortal = FA54A15A2835E86700043D3D /* Project object */;
			proxyType = 1;
			remoteGlobalIDString = FA54A1612835E86700043D3D;
			remoteInfo = GAPOChallenge;
		};
		FA54A1832835E86A00043D3D /* PBXContainerItemProxy */ = {
			isa = PBXContainerItemProxy;
			containerPortal = FA54A15A2835E86700043D3D /* Project object */;
			proxyType = 1;
			remoteGlobalIDString = FA54A1612835E86700043D3D;
			remoteInfo = GAPOChallenge;
		};
/* End PBXContainerItemProxy section */

/* Begin PBXFileReference section */
		07852C32FDC96E9BAB939A99 /* Pods-GAPOChallenge.debug.xcconfig */ = {isa = PBXFileReference; includeInIndex = 1; lastKnownFileType = text.xcconfig; name = "Pods-GAPOChallenge.debug.xcconfig"; path = "Target Support Files/Pods-GAPOChallenge/Pods-GAPOChallenge.debug.xcconfig"; sourceTree = "<group>"; };
		52141160468EF4D807E5BD09 /* Pods-GAPOChallenge-GAPOChallengeUITests.debug.xcconfig */ = {isa = PBXFileReference; includeInIndex = 1; lastKnownFileType = text.xcconfig; name = "Pods-GAPOChallenge-GAPOChallengeUITests.debug.xcconfig"; path = "Target Support Files/Pods-GAPOChallenge-GAPOChallengeUITests/Pods-GAPOChallenge-GAPOChallengeUITests.debug.xcconfig"; sourceTree = "<group>"; };
		6EC479A0F77E32693E42FFC5 /* Pods-GAPOChallenge-GAPOChallengeUITests.release.xcconfig */ = {isa = PBXFileReference; includeInIndex = 1; lastKnownFileType = text.xcconfig; name = "Pods-GAPOChallenge-GAPOChallengeUITests.release.xcconfig"; path = "Target Support Files/Pods-GAPOChallenge-GAPOChallengeUITests/Pods-GAPOChallenge-GAPOChallengeUITests.release.xcconfig"; sourceTree = "<group>"; };
		891F569B6A25BE0D141DC418 /* Pods_GAPOChallengeTests.framework */ = {isa = PBXFileReference; explicitFileType = wrapper.framework; includeInIndex = 0; path = Pods_GAPOChallengeTests.framework; sourceTree = BUILT_PRODUCTS_DIR; };
		8C6BDE8EF6301352FC40C307 /* Pods-GAPOChallengeTests.release.xcconfig */ = {isa = PBXFileReference; includeInIndex = 1; lastKnownFileType = text.xcconfig; name = "Pods-GAPOChallengeTests.release.xcconfig"; path = "Target Support Files/Pods-GAPOChallengeTests/Pods-GAPOChallengeTests.release.xcconfig"; sourceTree = "<group>"; };
		CEB15B56CE58381FE9271CC8 /* Pods-GAPOChallenge.release.xcconfig */ = {isa = PBXFileReference; includeInIndex = 1; lastKnownFileType = text.xcconfig; name = "Pods-GAPOChallenge.release.xcconfig"; path = "Target Support Files/Pods-GAPOChallenge/Pods-GAPOChallenge.release.xcconfig"; sourceTree = "<group>"; };
		DADD91DD08EC0A788464C8F0 /* Pods_GAPOChallenge.framework */ = {isa = PBXFileReference; explicitFileType = wrapper.framework; includeInIndex = 0; path = Pods_GAPOChallenge.framework; sourceTree = BUILT_PRODUCTS_DIR; };
		DCAC805D11D3A2D322362AB0 /* Pods-GAPOChallengeTests.debug.xcconfig */ = {isa = PBXFileReference; includeInIndex = 1; lastKnownFileType = text.xcconfig; name = "Pods-GAPOChallengeTests.debug.xcconfig"; path = "Target Support Files/Pods-GAPOChallengeTests/Pods-GAPOChallengeTests.debug.xcconfig"; sourceTree = "<group>"; };
		F7C0EBC84B86496886CBED38 /* Pods_GAPOChallenge_GAPOChallengeUITests.framework */ = {isa = PBXFileReference; explicitFileType = wrapper.framework; includeInIndex = 0; path = Pods_GAPOChallenge_GAPOChallengeUITests.framework; sourceTree = BUILT_PRODUCTS_DIR; };
		FA0B497A2835EC7000623018 /* AppCoordinator.swift */ = {isa = PBXFileReference; lastKnownFileType = sourcecode.swift; path = AppCoordinator.swift; sourceTree = "<group>"; };
		FA0B497E2836FEF500623018 /* mock.json */ = {isa = PBXFileReference; fileEncoding = 4; lastKnownFileType = text.json; path = mock.json; sourceTree = "<group>"; };
		FA54A1622835E86700043D3D /* GAPOChallenge.app */ = {isa = PBXFileReference; explicitFileType = wrapper.application; includeInIndex = 0; path = GAPOChallenge.app; sourceTree = BUILT_PRODUCTS_DIR; };
		FA54A1652835E86700043D3D /* AppDelegate.swift */ = {isa = PBXFileReference; lastKnownFileType = sourcecode.swift; path = AppDelegate.swift; sourceTree = "<group>"; };
		FA54A1672835E86700043D3D /* SceneDelegate.swift */ = {isa = PBXFileReference; lastKnownFileType = sourcecode.swift; path = SceneDelegate.swift; sourceTree = "<group>"; };
		FA54A1692835E86700043D3D /* NotificationListViewController.swift */ = {isa = PBXFileReference; lastKnownFileType = sourcecode.swift; path = NotificationListViewController.swift; sourceTree = "<group>"; };
		FA54A16E2835E86900043D3D /* Assets.xcassets */ = {isa = PBXFileReference; lastKnownFileType = folder.assetcatalog; path = Assets.xcassets; sourceTree = "<group>"; };
		FA54A1712835E86900043D3D /* Base */ = {isa = PBXFileReference; lastKnownFileType = file.storyboard; name = Base; path = Base.lproj/LaunchScreen.storyboard; sourceTree = "<group>"; };
		FA54A1732835E86900043D3D /* Info.plist */ = {isa = PBXFileReference; lastKnownFileType = text.plist.xml; path = Info.plist; sourceTree = "<group>"; };
		FA54A1782835E86A00043D3D /* GAPOChallengeTests.xctest */ = {isa = PBXFileReference; explicitFileType = wrapper.cfbundle; includeInIndex = 0; path = GAPOChallengeTests.xctest; sourceTree = BUILT_PRODUCTS_DIR; };
		FA54A17C2835E86A00043D3D /* GAPOChallengeTests.swift */ = {isa = PBXFileReference; lastKnownFileType = sourcecode.swift; path = GAPOChallengeTests.swift; sourceTree = "<group>"; };
		FA54A1822835E86A00043D3D /* GAPOChallengeUITests.xctest */ = {isa = PBXFileReference; explicitFileType = wrapper.cfbundle; includeInIndex = 0; path = GAPOChallengeUITests.xctest; sourceTree = BUILT_PRODUCTS_DIR; };
		FA54A1862835E86A00043D3D /* GAPOChallengeUITests.swift */ = {isa = PBXFileReference; lastKnownFileType = sourcecode.swift; path = GAPOChallengeUITests.swift; sourceTree = "<group>"; };
		FA54A1882835E86A00043D3D /* GAPOChallengeUITestsLaunchTests.swift */ = {isa = PBXFileReference; lastKnownFileType = sourcecode.swift; path = GAPOChallengeUITestsLaunchTests.swift; sourceTree = "<group>"; };
/* End PBXFileReference section */

/* Begin PBXFrameworksBuildPhase section */
		FA54A15F2835E86700043D3D /* Frameworks */ = {
			isa = PBXFrameworksBuildPhase;
			buildActionMask = 2147483647;
			files = (
				2D77F45BFD7C3740960218CA /* Pods_GAPOChallenge.framework in Frameworks */,
			);
			runOnlyForDeploymentPostprocessing = 0;
		};
		FA54A1752835E86A00043D3D /* Frameworks */ = {
			isa = PBXFrameworksBuildPhase;
			buildActionMask = 2147483647;
			files = (
				100E4DEB2E1FC59AC58DAB8A /* Pods_GAPOChallengeTests.framework in Frameworks */,
			);
			runOnlyForDeploymentPostprocessing = 0;
		};
		FA54A17F2835E86A00043D3D /* Frameworks */ = {
			isa = PBXFrameworksBuildPhase;
			buildActionMask = 2147483647;
			files = (
				2B5B3B744A5FF39209F48DF6 /* Pods_GAPOChallenge_GAPOChallengeUITests.framework in Frameworks */,
			);
			runOnlyForDeploymentPostprocessing = 0;
		};
/* End PBXFrameworksBuildPhase section */

/* Begin PBXGroup section */
		23EF1C35C906394C5CBF876E /* Frameworks */ = {
			isa = PBXGroup;
			children = (
				DADD91DD08EC0A788464C8F0 /* Pods_GAPOChallenge.framework */,
				F7C0EBC84B86496886CBED38 /* Pods_GAPOChallenge_GAPOChallengeUITests.framework */,
				891F569B6A25BE0D141DC418 /* Pods_GAPOChallengeTests.framework */,
			);
			name = Frameworks;
			sourceTree = "<group>";
		};
		DB45A6C176B016D19EF7988B /* Pods */ = {
			isa = PBXGroup;
			children = (
				07852C32FDC96E9BAB939A99 /* Pods-GAPOChallenge.debug.xcconfig */,
				CEB15B56CE58381FE9271CC8 /* Pods-GAPOChallenge.release.xcconfig */,
				52141160468EF4D807E5BD09 /* Pods-GAPOChallenge-GAPOChallengeUITests.debug.xcconfig */,
				6EC479A0F77E32693E42FFC5 /* Pods-GAPOChallenge-GAPOChallengeUITests.release.xcconfig */,
				DCAC805D11D3A2D322362AB0 /* Pods-GAPOChallengeTests.debug.xcconfig */,
				8C6BDE8EF6301352FC40C307 /* Pods-GAPOChallengeTests.release.xcconfig */,
			);
			path = Pods;
			sourceTree = "<group>";
		};
		FA0B49782835EB7000623018 /* Scene */ = {
			isa = PBXGroup;
			children = (
				FA0B497C2835EDEA00623018 /* NoticationList */,
			);
			path = Scene;
			sourceTree = "<group>";
		};
		FA0B49792835EB8C00623018 /* App */ = {
			isa = PBXGroup;
			children = (
				FA0B497A2835EC7000623018 /* AppCoordinator.swift */,
				FA54A1652835E86700043D3D /* AppDelegate.swift */,
				FA54A1672835E86700043D3D /* SceneDelegate.swift */,
				FA54A1702835E86900043D3D /* LaunchScreen.storyboard */,
				FA54A1732835E86900043D3D /* Info.plist */,
			);
			path = App;
			sourceTree = "<group>";
		};
		FA0B497C2835EDEA00623018 /* NoticationList */ = {
			isa = PBXGroup;
			children = (
				FA54A1692835E86700043D3D /* NotificationListViewController.swift */,
			);
			path = NoticationList;
			sourceTree = "<group>";
		};
		FA0B497D2835EE3100623018 /* Resource */ = {
			isa = PBXGroup;
			children = (
				FA0B497E2836FEF500623018 /* mock.json */,
				FA54A16E2835E86900043D3D /* Assets.xcassets */,
			);
			path = Resource;
			sourceTree = "<group>";
		};
		FA54A1592835E86700043D3D = {
			isa = PBXGroup;
			children = (
				FA54A1642835E86700043D3D /* GAPOChallenge */,
				FA54A17B2835E86A00043D3D /* GAPOChallengeTests */,
				FA54A1852835E86A00043D3D /* GAPOChallengeUITests */,
				FA54A1632835E86700043D3D /* Products */,
				DB45A6C176B016D19EF7988B /* Pods */,
				23EF1C35C906394C5CBF876E /* Frameworks */,
			);
			sourceTree = "<group>";
		};
		FA54A1632835E86700043D3D /* Products */ = {
			isa = PBXGroup;
			children = (
				FA54A1622835E86700043D3D /* GAPOChallenge.app */,
				FA54A1782835E86A00043D3D /* GAPOChallengeTests.xctest */,
				FA54A1822835E86A00043D3D /* GAPOChallengeUITests.xctest */,
			);
			name = Products;
			sourceTree = "<group>";
		};
		FA54A1642835E86700043D3D /* GAPOChallenge */ = {
			isa = PBXGroup;
			children = (
				FA0B497D2835EE3100623018 /* Resource */,
				FA0B49792835EB8C00623018 /* App */,
				FA0B49782835EB7000623018 /* Scene */,
			);
			path = GAPOChallenge;
			sourceTree = "<group>";
		};
		FA54A17B2835E86A00043D3D /* GAPOChallengeTests */ = {
			isa = PBXGroup;
			children = (
				FA54A17C2835E86A00043D3D /* GAPOChallengeTests.swift */,
			);
			path = GAPOChallengeTests;
			sourceTree = "<group>";
		};
		FA54A1852835E86A00043D3D /* GAPOChallengeUITests */ = {
			isa = PBXGroup;
			children = (
				FA54A1862835E86A00043D3D /* GAPOChallengeUITests.swift */,
				FA54A1882835E86A00043D3D /* GAPOChallengeUITestsLaunchTests.swift */,
			);
			path = GAPOChallengeUITests;
			sourceTree = "<group>";
		};
/* End PBXGroup section */

/* Begin PBXNativeTarget section */
		FA54A1612835E86700043D3D /* GAPOChallenge */ = {
			isa = PBXNativeTarget;
			buildConfigurationList = FA54A18C2835E86A00043D3D /* Build configuration list for PBXNativeTarget "GAPOChallenge" */;
			buildPhases = (
				4F4FED7612D3446F7FABEBF9 /* [CP] Check Pods Manifest.lock */,
				FA54A15E2835E86700043D3D /* Sources */,
				FA54A15F2835E86700043D3D /* Frameworks */,
				FA54A1602835E86700043D3D /* Resources */,
				00F3FDFC125C7B9F48D58E81 /* [CP] Embed Pods Frameworks */,
			);
			buildRules = (
			);
			dependencies = (
			);
			name = GAPOChallenge;
			productName = GAPOChallenge;
			productReference = FA54A1622835E86700043D3D /* GAPOChallenge.app */;
			productType = "com.apple.product-type.application";
		};
		FA54A1772835E86A00043D3D /* GAPOChallengeTests */ = {
			isa = PBXNativeTarget;
			buildConfigurationList = FA54A18F2835E86A00043D3D /* Build configuration list for PBXNativeTarget "GAPOChallengeTests" */;
			buildPhases = (
				D09CADC055A3408B9BFA196B /* [CP] Check Pods Manifest.lock */,
				FA54A1742835E86A00043D3D /* Sources */,
				FA54A1752835E86A00043D3D /* Frameworks */,
				FA54A1762835E86A00043D3D /* Resources */,
			);
			buildRules = (
			);
			dependencies = (
				FA54A17A2835E86A00043D3D /* PBXTargetDependency */,
			);
			name = GAPOChallengeTests;
			productName = GAPOChallengeTests;
			productReference = FA54A1782835E86A00043D3D /* GAPOChallengeTests.xctest */;
			productType = "com.apple.product-type.bundle.unit-test";
		};
		FA54A1812835E86A00043D3D /* GAPOChallengeUITests */ = {
			isa = PBXNativeTarget;
			buildConfigurationList = FA54A1922835E86A00043D3D /* Build configuration list for PBXNativeTarget "GAPOChallengeUITests" */;
			buildPhases = (
				94554F43DCDA966A2E83F8BE /* [CP] Check Pods Manifest.lock */,
				FA54A17E2835E86A00043D3D /* Sources */,
				FA54A17F2835E86A00043D3D /* Frameworks */,
				FA54A1802835E86A00043D3D /* Resources */,
				586AE8F3A6000D77AEE5C3E1 /* [CP] Embed Pods Frameworks */,
			);
			buildRules = (
			);
			dependencies = (
				FA54A1842835E86A00043D3D /* PBXTargetDependency */,
			);
			name = GAPOChallengeUITests;
			productName = GAPOChallengeUITests;
			productReference = FA54A1822835E86A00043D3D /* GAPOChallengeUITests.xctest */;
			productType = "com.apple.product-type.bundle.ui-testing";
		};
/* End PBXNativeTarget section */

/* Begin PBXProject section */
		FA54A15A2835E86700043D3D /* Project object */ = {
			isa = PBXProject;
			attributes = {
				BuildIndependentTargetsInParallel = 1;
				LastSwiftUpdateCheck = 1340;
				LastUpgradeCheck = 1340;
				TargetAttributes = {
					FA54A1612835E86700043D3D = {
						CreatedOnToolsVersion = 13.4;
					};
					FA54A1772835E86A00043D3D = {
						CreatedOnToolsVersion = 13.4;
						TestTargetID = FA54A1612835E86700043D3D;
					};
					FA54A1812835E86A00043D3D = {
						CreatedOnToolsVersion = 13.4;
						TestTargetID = FA54A1612835E86700043D3D;
					};
				};
			};
			buildConfigurationList = FA54A15D2835E86700043D3D /* Build configuration list for PBXProject "GAPOChallenge" */;
			compatibilityVersion = "Xcode 13.0";
			developmentRegion = en;
			hasScannedForEncodings = 0;
			knownRegions = (
				en,
				Base,
			);
			mainGroup = FA54A1592835E86700043D3D;
			productRefGroup = FA54A1632835E86700043D3D /* Products */;
			projectDirPath = "";
			projectRoot = "";
			targets = (
				FA54A1612835E86700043D3D /* GAPOChallenge */,
				FA54A1772835E86A00043D3D /* GAPOChallengeTests */,
				FA54A1812835E86A00043D3D /* GAPOChallengeUITests */,
			);
		};
/* End PBXProject section */

/* Begin PBXResourcesBuildPhase section */
		FA54A1602835E86700043D3D /* Resources */ = {
			isa = PBXResourcesBuildPhase;
			buildActionMask = 2147483647;
			files = (
				FA54A1722835E86900043D3D /* LaunchScreen.storyboard in Resources */,
				FA54A16F2835E86900043D3D /* Assets.xcassets in Resources */,
				FA0B497F2836FEF500623018 /* mock.json in Resources */,
			);
			runOnlyForDeploymentPostprocessing = 0;
		};
		FA54A1762835E86A00043D3D /* Resources */ = {
			isa = PBXResourcesBuildPhase;
			buildActionMask = 2147483647;
			files = (
			);
			runOnlyForDeploymentPostprocessing = 0;
		};
		FA54A1802835E86A00043D3D /* Resources */ = {
			isa = PBXResourcesBuildPhase;
			buildActionMask = 2147483647;
			files = (
			);
			runOnlyForDeploymentPostprocessing = 0;
		};
/* End PBXResourcesBuildPhase section */

/* Begin PBXShellScriptBuildPhase section */
		00F3FDFC125C7B9F48D58E81 /* [CP] Embed Pods Frameworks */ = {
			isa = PBXShellScriptBuildPhase;
			buildActionMask = 2147483647;
			files = (
			);
			inputFileListPaths = (
				"${PODS_ROOT}/Target Support Files/Pods-GAPOChallenge/Pods-GAPOChallenge-frameworks-${CONFIGURATION}-input-files.xcfilelist",
			);
			name = "[CP] Embed Pods Frameworks";
			outputFileListPaths = (
				"${PODS_ROOT}/Target Support Files/Pods-GAPOChallenge/Pods-GAPOChallenge-frameworks-${CONFIGURATION}-output-files.xcfilelist",
			);
			runOnlyForDeploymentPostprocessing = 0;
			shellPath = /bin/sh;
			shellScript = "\"${PODS_ROOT}/Target Support Files/Pods-GAPOChallenge/Pods-GAPOChallenge-frameworks.sh\"\n";
			showEnvVarsInLog = 0;
		};
		4F4FED7612D3446F7FABEBF9 /* [CP] Check Pods Manifest.lock */ = {
			isa = PBXShellScriptBuildPhase;
			buildActionMask = 2147483647;
			files = (
			);
			inputFileListPaths = (
			);
			inputPaths = (
				"${PODS_PODFILE_DIR_PATH}/Podfile.lock",
				"${PODS_ROOT}/Manifest.lock",
			);
			name = "[CP] Check Pods Manifest.lock";
			outputFileListPaths = (
			);
			outputPaths = (
				"$(DERIVED_FILE_DIR)/Pods-GAPOChallenge-checkManifestLockResult.txt",
			);
			runOnlyForDeploymentPostprocessing = 0;
			shellPath = /bin/sh;
			shellScript = "diff \"${PODS_PODFILE_DIR_PATH}/Podfile.lock\" \"${PODS_ROOT}/Manifest.lock\" > /dev/null\nif [ $? != 0 ] ; then\n    # print error to STDERR\n    echo \"error: The sandbox is not in sync with the Podfile.lock. Run 'pod install' or update your CocoaPods installation.\" >&2\n    exit 1\nfi\n# This output is used by Xcode 'outputs' to avoid re-running this script phase.\necho \"SUCCESS\" > \"${SCRIPT_OUTPUT_FILE_0}\"\n";
			showEnvVarsInLog = 0;
		};
		586AE8F3A6000D77AEE5C3E1 /* [CP] Embed Pods Frameworks */ = {
			isa = PBXShellScriptBuildPhase;
			buildActionMask = 2147483647;
			files = (
			);
			inputFileListPaths = (
				"${PODS_ROOT}/Target Support Files/Pods-GAPOChallenge-GAPOChallengeUITests/Pods-GAPOChallenge-GAPOChallengeUITests-frameworks-${CONFIGURATION}-input-files.xcfilelist",
			);
			name = "[CP] Embed Pods Frameworks";
			outputFileListPaths = (
				"${PODS_ROOT}/Target Support Files/Pods-GAPOChallenge-GAPOChallengeUITests/Pods-GAPOChallenge-GAPOChallengeUITests-frameworks-${CONFIGURATION}-output-files.xcfilelist",
			);
			runOnlyForDeploymentPostprocessing = 0;
			shellPath = /bin/sh;
			shellScript = "\"${PODS_ROOT}/Target Support Files/Pods-GAPOChallenge-GAPOChallengeUITests/Pods-GAPOChallenge-GAPOChallengeUITests-frameworks.sh\"\n";
			showEnvVarsInLog = 0;
		};
		94554F43DCDA966A2E83F8BE /* [CP] Check Pods Manifest.lock */ = {
			isa = PBXShellScriptBuildPhase;
			buildActionMask = 2147483647;
			files = (
			);
			inputFileListPaths = (
			);
			inputPaths = (
				"${PODS_PODFILE_DIR_PATH}/Podfile.lock",
				"${PODS_ROOT}/Manifest.lock",
			);
			name = "[CP] Check Pods Manifest.lock";
			outputFileListPaths = (
			);
			outputPaths = (
				"$(DERIVED_FILE_DIR)/Pods-GAPOChallenge-GAPOChallengeUITests-checkManifestLockResult.txt",
			);
			runOnlyForDeploymentPostprocessing = 0;
			shellPath = /bin/sh;
			shellScript = "diff \"${PODS_PODFILE_DIR_PATH}/Podfile.lock\" \"${PODS_ROOT}/Manifest.lock\" > /dev/null\nif [ $? != 0 ] ; then\n    # print error to STDERR\n    echo \"error: The sandbox is not in sync with the Podfile.lock. Run 'pod install' or update your CocoaPods installation.\" >&2\n    exit 1\nfi\n# This output is used by Xcode 'outputs' to avoid re-running this script phase.\necho \"SUCCESS\" > \"${SCRIPT_OUTPUT_FILE_0}\"\n";
			showEnvVarsInLog = 0;
		};
		D09CADC055A3408B9BFA196B /* [CP] Check Pods Manifest.lock */ = {
			isa = PBXShellScriptBuildPhase;
			buildActionMask = 2147483647;
			files = (
			);
			inputFileListPaths = (
			);
			inputPaths = (
				"${PODS_PODFILE_DIR_PATH}/Podfile.lock",
				"${PODS_ROOT}/Manifest.lock",
			);
			name = "[CP] Check Pods Manifest.lock";
			outputFileListPaths = (
			);
			outputPaths = (
				"$(DERIVED_FILE_DIR)/Pods-GAPOChallengeTests-checkManifestLockResult.txt",
			);
			runOnlyForDeploymentPostprocessing = 0;
			shellPath = /bin/sh;
			shellScript = "diff \"${PODS_PODFILE_DIR_PATH}/Podfile.lock\" \"${PODS_ROOT}/Manifest.lock\" > /dev/null\nif [ $? != 0 ] ; then\n    # print error to STDERR\n    echo \"error: The sandbox is not in sync with the Podfile.lock. Run 'pod install' or update your CocoaPods installation.\" >&2\n    exit 1\nfi\n# This output is used by Xcode 'outputs' to avoid re-running this script phase.\necho \"SUCCESS\" > \"${SCRIPT_OUTPUT_FILE_0}\"\n";
			showEnvVarsInLog = 0;
		};
/* End PBXShellScriptBuildPhase section */

/* Begin PBXSourcesBuildPhase section */
		FA54A15E2835E86700043D3D /* Sources */ = {
			isa = PBXSourcesBuildPhase;
			buildActionMask = 2147483647;
			files = (
				FA54A16A2835E86700043D3D /* NotificationListViewController.swift in Sources */,
				FA54A1662835E86700043D3D /* AppDelegate.swift in Sources */,
				FA54A1682835E86700043D3D /* SceneDelegate.swift in Sources */,
				FA0B497B2835EC7000623018 /* AppCoordinator.swift in Sources */,
			);
			runOnlyForDeploymentPostprocessing = 0;
		};
		FA54A1742835E86A00043D3D /* Sources */ = {
			isa = PBXSourcesBuildPhase;
			buildActionMask = 2147483647;
			files = (
				FA54A17D2835E86A00043D3D /* GAPOChallengeTests.swift in Sources */,
			);
			runOnlyForDeploymentPostprocessing = 0;
		};
		FA54A17E2835E86A00043D3D /* Sources */ = {
			isa = PBXSourcesBuildPhase;
			buildActionMask = 2147483647;
			files = (
				FA54A1872835E86A00043D3D /* GAPOChallengeUITests.swift in Sources */,
				FA54A1892835E86A00043D3D /* GAPOChallengeUITestsLaunchTests.swift in Sources */,
			);
			runOnlyForDeploymentPostprocessing = 0;
		};
/* End PBXSourcesBuildPhase section */

/* Begin PBXTargetDependency section */
		FA54A17A2835E86A00043D3D /* PBXTargetDependency */ = {
			isa = PBXTargetDependency;
			target = FA54A1612835E86700043D3D /* GAPOChallenge */;
			targetProxy = FA54A1792835E86A00043D3D /* PBXContainerItemProxy */;
		};
		FA54A1842835E86A00043D3D /* PBXTargetDependency */ = {
			isa = PBXTargetDependency;
			target = FA54A1612835E86700043D3D /* GAPOChallenge */;
			targetProxy = FA54A1832835E86A00043D3D /* PBXContainerItemProxy */;
		};
/* End PBXTargetDependency section */

/* Begin PBXVariantGroup section */
		FA54A1702835E86900043D3D /* LaunchScreen.storyboard */ = {
			isa = PBXVariantGroup;
			children = (
				FA54A1712835E86900043D3D /* Base */,
			);
			name = LaunchScreen.storyboard;
			sourceTree = "<group>";
		};
/* End PBXVariantGroup section */

/* Begin XCBuildConfiguration section */
		FA54A18A2835E86A00043D3D /* Debug */ = {
			isa = XCBuildConfiguration;
			buildSettings = {
				ALWAYS_SEARCH_USER_PATHS = NO;
				CLANG_ANALYZER_NONNULL = YES;
				CLANG_ANALYZER_NUMBER_OBJECT_CONVERSION = YES_AGGRESSIVE;
				CLANG_CXX_LANGUAGE_STANDARD = "gnu++17";
				CLANG_ENABLE_MODULES = YES;
				CLANG_ENABLE_OBJC_ARC = YES;
				CLANG_ENABLE_OBJC_WEAK = YES;
				CLANG_WARN_BLOCK_CAPTURE_AUTORELEASING = YES;
				CLANG_WARN_BOOL_CONVERSION = YES;
				CLANG_WARN_COMMA = YES;
				CLANG_WARN_CONSTANT_CONVERSION = YES;
				CLANG_WARN_DEPRECATED_OBJC_IMPLEMENTATIONS = YES;
				CLANG_WARN_DIRECT_OBJC_ISA_USAGE = YES_ERROR;
				CLANG_WARN_DOCUMENTATION_COMMENTS = YES;
				CLANG_WARN_EMPTY_BODY = YES;
				CLANG_WARN_ENUM_CONVERSION = YES;
				CLANG_WARN_INFINITE_RECURSION = YES;
				CLANG_WARN_INT_CONVERSION = YES;
				CLANG_WARN_NON_LITERAL_NULL_CONVERSION = YES;
				CLANG_WARN_OBJC_IMPLICIT_RETAIN_SELF = YES;
				CLANG_WARN_OBJC_LITERAL_CONVERSION = YES;
				CLANG_WARN_OBJC_ROOT_CLASS = YES_ERROR;
				CLANG_WARN_QUOTED_INCLUDE_IN_FRAMEWORK_HEADER = YES;
				CLANG_WARN_RANGE_LOOP_ANALYSIS = YES;
				CLANG_WARN_STRICT_PROTOTYPES = YES;
				CLANG_WARN_SUSPICIOUS_MOVE = YES;
				CLANG_WARN_UNGUARDED_AVAILABILITY = YES_AGGRESSIVE;
				CLANG_WARN_UNREACHABLE_CODE = YES;
				CLANG_WARN__DUPLICATE_METHOD_MATCH = YES;
				COPY_PHASE_STRIP = NO;
				DEBUG_INFORMATION_FORMAT = dwarf;
				ENABLE_STRICT_OBJC_MSGSEND = YES;
				ENABLE_TESTABILITY = YES;
				GCC_C_LANGUAGE_STANDARD = gnu11;
				GCC_DYNAMIC_NO_PIC = NO;
				GCC_NO_COMMON_BLOCKS = YES;
				GCC_OPTIMIZATION_LEVEL = 0;
				GCC_PREPROCESSOR_DEFINITIONS = (
					"DEBUG=1",
					"$(inherited)",
				);
				GCC_WARN_64_TO_32_BIT_CONVERSION = YES;
				GCC_WARN_ABOUT_RETURN_TYPE = YES_ERROR;
				GCC_WARN_UNDECLARED_SELECTOR = YES;
				GCC_WARN_UNINITIALIZED_AUTOS = YES_AGGRESSIVE;
				GCC_WARN_UNUSED_FUNCTION = YES;
				GCC_WARN_UNUSED_VARIABLE = YES;
				IPHONEOS_DEPLOYMENT_TARGET = 13.0;
				MTL_ENABLE_DEBUG_INFO = INCLUDE_SOURCE;
				MTL_FAST_MATH = YES;
				ONLY_ACTIVE_ARCH = YES;
				SDKROOT = iphoneos;
				SWIFT_ACTIVE_COMPILATION_CONDITIONS = DEBUG;
				SWIFT_OPTIMIZATION_LEVEL = "-Onone";
			};
			name = Debug;
		};
		FA54A18B2835E86A00043D3D /* Release */ = {
			isa = XCBuildConfiguration;
			buildSettings = {
				ALWAYS_SEARCH_USER_PATHS = NO;
				CLANG_ANALYZER_NONNULL = YES;
				CLANG_ANALYZER_NUMBER_OBJECT_CONVERSION = YES_AGGRESSIVE;
				CLANG_CXX_LANGUAGE_STANDARD = "gnu++17";
				CLANG_ENABLE_MODULES = YES;
				CLANG_ENABLE_OBJC_ARC = YES;
				CLANG_ENABLE_OBJC_WEAK = YES;
				CLANG_WARN_BLOCK_CAPTURE_AUTORELEASING = YES;
				CLANG_WARN_BOOL_CONVERSION = YES;
				CLANG_WARN_COMMA = YES;
				CLANG_WARN_CONSTANT_CONVERSION = YES;
				CLANG_WARN_DEPRECATED_OBJC_IMPLEMENTATIONS = YES;
				CLANG_WARN_DIRECT_OBJC_ISA_USAGE = YES_ERROR;
				CLANG_WARN_DOCUMENTATION_COMMENTS = YES;
				CLANG_WARN_EMPTY_BODY = YES;
				CLANG_WARN_ENUM_CONVERSION = YES;
				CLANG_WARN_INFINITE_RECURSION = YES;
				CLANG_WARN_INT_CONVERSION = YES;
				CLANG_WARN_NON_LITERAL_NULL_CONVERSION = YES;
				CLANG_WARN_OBJC_IMPLICIT_RETAIN_SELF = YES;
				CLANG_WARN_OBJC_LITERAL_CONVERSION = YES;
				CLANG_WARN_OBJC_ROOT_CLASS = YES_ERROR;
				CLANG_WARN_QUOTED_INCLUDE_IN_FRAMEWORK_HEADER = YES;
				CLANG_WARN_RANGE_LOOP_ANALYSIS = YES;
				CLANG_WARN_STRICT_PROTOTYPES = YES;
				CLANG_WARN_SUSPICIOUS_MOVE = YES;
				CLANG_WARN_UNGUARDED_AVAILABILITY = YES_AGGRESSIVE;
				CLANG_WARN_UNREACHABLE_CODE = YES;
				CLANG_WARN__DUPLICATE_METHOD_MATCH = YES;
				COPY_PHASE_STRIP = NO;
				DEBUG_INFORMATION_FORMAT = "dwarf-with-dsym";
				ENABLE_NS_ASSERTIONS = NO;
				ENABLE_STRICT_OBJC_MSGSEND = YES;
				GCC_C_LANGUAGE_STANDARD = gnu11;
				GCC_NO_COMMON_BLOCKS = YES;
				GCC_WARN_64_TO_32_BIT_CONVERSION = YES;
				GCC_WARN_ABOUT_RETURN_TYPE = YES_ERROR;
				GCC_WARN_UNDECLARED_SELECTOR = YES;
				GCC_WARN_UNINITIALIZED_AUTOS = YES_AGGRESSIVE;
				GCC_WARN_UNUSED_FUNCTION = YES;
				GCC_WARN_UNUSED_VARIABLE = YES;
				IPHONEOS_DEPLOYMENT_TARGET = 13.0;
				MTL_ENABLE_DEBUG_INFO = NO;
				MTL_FAST_MATH = YES;
				SDKROOT = iphoneos;
				SWIFT_COMPILATION_MODE = wholemodule;
				SWIFT_OPTIMIZATION_LEVEL = "-O";
				VALIDATE_PRODUCT = YES;
			};
			name = Release;
		};
		FA54A18D2835E86A00043D3D /* Debug */ = {
			isa = XCBuildConfiguration;
			baseConfigurationReference = 07852C32FDC96E9BAB939A99 /* Pods-GAPOChallenge.debug.xcconfig */;
			buildSettings = {
				ASSETCATALOG_COMPILER_APPICON_NAME = AppIcon;
				ASSETCATALOG_COMPILER_GLOBAL_ACCENT_COLOR_NAME = AccentColor;
				CODE_SIGN_STYLE = Automatic;
				CURRENT_PROJECT_VERSION = 1;
				GENERATE_INFOPLIST_FILE = YES;
				INFOPLIST_FILE = GAPOChallenge/App/Info.plist;
				INFOPLIST_KEY_UIApplicationSupportsIndirectInputEvents = YES;
				INFOPLIST_KEY_UILaunchStoryboardName = LaunchScreen;
				INFOPLIST_KEY_UISupportedInterfaceOrientations_iPad = "UIInterfaceOrientationPortrait UIInterfaceOrientationPortraitUpsideDown UIInterfaceOrientationLandscapeLeft UIInterfaceOrientationLandscapeRight";
				INFOPLIST_KEY_UISupportedInterfaceOrientations_iPhone = "UIInterfaceOrientationPortrait UIInterfaceOrientationLandscapeLeft UIInterfaceOrientationLandscapeRight";
				LD_RUNPATH_SEARCH_PATHS = (
					"$(inherited)",
					"@executable_path/Frameworks",
				);
				MARKETING_VERSION = 1.0;
				PRODUCT_BUNDLE_IDENTIFIER = com.mintpot.vn.GAPOChallenge;
				PRODUCT_NAME = "$(TARGET_NAME)";
				SWIFT_EMIT_LOC_STRINGS = YES;
				SWIFT_VERSION = 5.0;
				TARGETED_DEVICE_FAMILY = "1,2";
			};
			name = Debug;
		};
		FA54A18E2835E86A00043D3D /* Release */ = {
			isa = XCBuildConfiguration;
			baseConfigurationReference = CEB15B56CE58381FE9271CC8 /* Pods-GAPOChallenge.release.xcconfig */;
			buildSettings = {
				ASSETCATALOG_COMPILER_APPICON_NAME = AppIcon;
				ASSETCATALOG_COMPILER_GLOBAL_ACCENT_COLOR_NAME = AccentColor;
				CODE_SIGN_STYLE = Automatic;
				CURRENT_PROJECT_VERSION = 1;
				GENERATE_INFOPLIST_FILE = YES;
				INFOPLIST_FILE = GAPOChallenge/App/Info.plist;
				INFOPLIST_KEY_UIApplicationSupportsIndirectInputEvents = YES;
				INFOPLIST_KEY_UILaunchStoryboardName = LaunchScreen;
				INFOPLIST_KEY_UISupportedInterfaceOrientations_iPad = "UIInterfaceOrientationPortrait UIInterfaceOrientationPortraitUpsideDown UIInterfaceOrientationLandscapeLeft UIInterfaceOrientationLandscapeRight";
				INFOPLIST_KEY_UISupportedInterfaceOrientations_iPhone = "UIInterfaceOrientationPortrait UIInterfaceOrientationLandscapeLeft UIInterfaceOrientationLandscapeRight";
				LD_RUNPATH_SEARCH_PATHS = (
					"$(inherited)",
					"@executable_path/Frameworks",
				);
				MARKETING_VERSION = 1.0;
				PRODUCT_BUNDLE_IDENTIFIER = com.mintpot.vn.GAPOChallenge;
				PRODUCT_NAME = "$(TARGET_NAME)";
				SWIFT_EMIT_LOC_STRINGS = YES;
				SWIFT_VERSION = 5.0;
				TARGETED_DEVICE_FAMILY = "1,2";
			};
			name = Release;
		};
		FA54A1902835E86A00043D3D /* Debug */ = {
			isa = XCBuildConfiguration;
			baseConfigurationReference = DCAC805D11D3A2D322362AB0 /* Pods-GAPOChallengeTests.debug.xcconfig */;
			buildSettings = {
				ALWAYS_EMBED_SWIFT_STANDARD_LIBRARIES = YES;
				BUNDLE_LOADER = "$(TEST_HOST)";
				CODE_SIGN_STYLE = Automatic;
				CURRENT_PROJECT_VERSION = 1;
				GENERATE_INFOPLIST_FILE = YES;
				IPHONEOS_DEPLOYMENT_TARGET = 15.5;
				MARKETING_VERSION = 1.0;
				PRODUCT_BUNDLE_IDENTIFIER = com.mintpot.vn.GAPOChallengeTests;
				PRODUCT_NAME = "$(TARGET_NAME)";
				SWIFT_EMIT_LOC_STRINGS = NO;
				SWIFT_VERSION = 5.0;
				TARGETED_DEVICE_FAMILY = "1,2";
				TEST_HOST = "$(BUILT_PRODUCTS_DIR)/GAPOChallenge.app/GAPOChallenge";
			};
			name = Debug;
		};
		FA54A1912835E86A00043D3D /* Release */ = {
			isa = XCBuildConfiguration;
			baseConfigurationReference = 8C6BDE8EF6301352FC40C307 /* Pods-GAPOChallengeTests.release.xcconfig */;
			buildSettings = {
				ALWAYS_EMBED_SWIFT_STANDARD_LIBRARIES = YES;
				BUNDLE_LOADER = "$(TEST_HOST)";
				CODE_SIGN_STYLE = Automatic;
				CURRENT_PROJECT_VERSION = 1;
				GENERATE_INFOPLIST_FILE = YES;
				IPHONEOS_DEPLOYMENT_TARGET = 15.5;
				MARKETING_VERSION = 1.0;
				PRODUCT_BUNDLE_IDENTIFIER = com.mintpot.vn.GAPOChallengeTests;
				PRODUCT_NAME = "$(TARGET_NAME)";
				SWIFT_EMIT_LOC_STRINGS = NO;
				SWIFT_VERSION = 5.0;
				TARGETED_DEVICE_FAMILY = "1,2";
				TEST_HOST = "$(BUILT_PRODUCTS_DIR)/GAPOChallenge.app/GAPOChallenge";
			};
			name = Release;
		};
		FA54A1932835E86A00043D3D /* Debug */ = {
			isa = XCBuildConfiguration;
			baseConfigurationReference = 52141160468EF4D807E5BD09 /* Pods-GAPOChallenge-GAPOChallengeUITests.debug.xcconfig */;
			buildSettings = {
				ALWAYS_EMBED_SWIFT_STANDARD_LIBRARIES = YES;
				CODE_SIGN_STYLE = Automatic;
				CURRENT_PROJECT_VERSION = 1;
				GENERATE_INFOPLIST_FILE = YES;
				MARKETING_VERSION = 1.0;
				PRODUCT_BUNDLE_IDENTIFIER = com.mintpot.vn.GAPOChallengeUITests;
				PRODUCT_NAME = "$(TARGET_NAME)";
				SWIFT_EMIT_LOC_STRINGS = NO;
				SWIFT_VERSION = 5.0;
				TARGETED_DEVICE_FAMILY = "1,2";
				TEST_TARGET_NAME = GAPOChallenge;
			};
			name = Debug;
		};
		FA54A1942835E86A00043D3D /* Release */ = {
			isa = XCBuildConfiguration;
			baseConfigurationReference = 6EC479A0F77E32693E42FFC5 /* Pods-GAPOChallenge-GAPOChallengeUITests.release.xcconfig */;
			buildSettings = {
				ALWAYS_EMBED_SWIFT_STANDARD_LIBRARIES = YES;
				CODE_SIGN_STYLE = Automatic;
				CURRENT_PROJECT_VERSION = 1;
				GENERATE_INFOPLIST_FILE = YES;
				MARKETING_VERSION = 1.0;
				PRODUCT_BUNDLE_IDENTIFIER = com.mintpot.vn.GAPOChallengeUITests;
				PRODUCT_NAME = "$(TARGET_NAME)";
				SWIFT_EMIT_LOC_STRINGS = NO;
				SWIFT_VERSION = 5.0;
				TARGETED_DEVICE_FAMILY = "1,2";
				TEST_TARGET_NAME = GAPOChallenge;
			};
			name = Release;
		};
/* End XCBuildConfiguration section */

/* Begin XCConfigurationList section */
		FA54A15D2835E86700043D3D /* Build configuration list for PBXProject "GAPOChallenge" */ = {
			isa = XCConfigurationList;
			buildConfigurations = (
				FA54A18A2835E86A00043D3D /* Debug */,
				FA54A18B2835E86A00043D3D /* Release */,
			);
			defaultConfigurationIsVisible = 0;
			defaultConfigurationName = Release;
		};
		FA54A18C2835E86A00043D3D /* Build configuration list for PBXNativeTarget "GAPOChallenge" */ = {
			isa = XCConfigurationList;
			buildConfigurations = (
				FA54A18D2835E86A00043D3D /* Debug */,
				FA54A18E2835E86A00043D3D /* Release */,
			);
			defaultConfigurationIsVisible = 0;
			defaultConfigurationName = Release;
		};
		FA54A18F2835E86A00043D3D /* Build configuration list for PBXNativeTarget "GAPOChallengeTests" */ = {
			isa = XCConfigurationList;
			buildConfigurations = (
				FA54A1902835E86A00043D3D /* Debug */,
				FA54A1912835E86A00043D3D /* Release */,
			);
			defaultConfigurationIsVisible = 0;
			defaultConfigurationName = Release;
		};
		FA54A1922835E86A00043D3D /* Build configuration list for PBXNativeTarget "GAPOChallengeUITests" */ = {
			isa = XCConfigurationList;
			buildConfigurations = (
				FA54A1932835E86A00043D3D /* Debug */,
				FA54A1942835E86A00043D3D /* Release */,
			);
			defaultConfigurationIsVisible = 0;
			defaultConfigurationName = Release;
		};
/* End XCConfigurationList section */
	};
	rootObject = FA54A15A2835E86700043D3D /* Project object */;
}
